// !$*UTF8*$!
{
	archiveVersion = 1;
	classes = {
	};
	objectVersion = 55;
	objects = {

/* Begin PBXBuildFile section */
		1B0CF7D727E5B0A3009A7D52 /* MarkDataModel.swift in Sources */ = {isa = PBXBuildFile; fileRef = 1B0CF7D627E5B0A3009A7D52 /* MarkDataModel.swift */; };
		1B0CF7D927E5B70D009A7D52 /* MarketDataService.swift in Sources */ = {isa = PBXBuildFile; fileRef = 1B0CF7D827E5B70D009A7D52 /* MarketDataService.swift */; };
		1B0CF7DB27E5CBAC009A7D52 /* PortfolioView.swift in Sources */ = {isa = PBXBuildFile; fileRef = 1B0CF7DA27E5CBAC009A7D52 /* PortfolioView.swift */; };
		1B0CF7DF27E5DAD4009A7D52 /* CoinLogoView.swift in Sources */ = {isa = PBXBuildFile; fileRef = 1B0CF7DE27E5DAD4009A7D52 /* CoinLogoView.swift */; };
		1B0CF7E227E71643009A7D52 /* PortfolioContainer.xcdatamodeld in Sources */ = {isa = PBXBuildFile; fileRef = 1B0CF7E027E71643009A7D52 /* PortfolioContainer.xcdatamodeld */; };
		1B0CF7E427E71720009A7D52 /* PortfolioService.swift in Sources */ = {isa = PBXBuildFile; fileRef = 1B0CF7E327E71720009A7D52 /* PortfolioService.swift */; };
		1B2C367127E1E43900559E38 /* CryptoTrackerApp.swift in Sources */ = {isa = PBXBuildFile; fileRef = 1B2C367027E1E43900559E38 /* CryptoTrackerApp.swift */; };
		1B2C367327E1E43900559E38 /* ContentView.swift in Sources */ = {isa = PBXBuildFile; fileRef = 1B2C367227E1E43900559E38 /* ContentView.swift */; };
		1B2C367827E1E43B00559E38 /* Preview Assets.xcassets in Resources */ = {isa = PBXBuildFile; fileRef = 1B2C367727E1E43B00559E38 /* Preview Assets.xcassets */; };
		1B2C368227E1E43B00559E38 /* CryptoTrackerTests.swift in Sources */ = {isa = PBXBuildFile; fileRef = 1B2C368127E1E43B00559E38 /* CryptoTrackerTests.swift */; };
		1B2C368C27E1E43B00559E38 /* CryptoTrackerUITests.swift in Sources */ = {isa = PBXBuildFile; fileRef = 1B2C368B27E1E43B00559E38 /* CryptoTrackerUITests.swift */; };
		1B2C368E27E1E43B00559E38 /* CryptoTrackerUITestsLaunchTests.swift in Sources */ = {isa = PBXBuildFile; fileRef = 1B2C368D27E1E43B00559E38 /* CryptoTrackerUITestsLaunchTests.swift */; };
		1B2C369B27E1E47E00559E38 /* Assets.xcassets in Resources */ = {isa = PBXBuildFile; fileRef = 1B2C369A27E1E47E00559E38 /* Assets.xcassets */; };
		1B2C36A227E1E4E000559E38 /* ColorSwift.swift in Sources */ = {isa = PBXBuildFile; fileRef = 1B2C36A127E1E4E000559E38 /* ColorSwift.swift */; };
		1B2C36A427E1E4FF00559E38 /* HomeView.swift in Sources */ = {isa = PBXBuildFile; fileRef = 1B2C36A327E1E4FF00559E38 /* HomeView.swift */; };
		1B2C36A727E1E67000559E38 /* CircleButtonView.swift in Sources */ = {isa = PBXBuildFile; fileRef = 1B2C36A627E1E67000559E38 /* CircleButtonView.swift */; };
		1B2C36A927E1EDE100559E38 /* CircleButtonAnimationView.swift in Sources */ = {isa = PBXBuildFile; fileRef = 1B2C36A827E1EDE100559E38 /* CircleButtonAnimationView.swift */; };
		1B2C36AB27E2D37200559E38 /* CoinModel.swift in Sources */ = {isa = PBXBuildFile; fileRef = 1B2C36AA27E2D37200559E38 /* CoinModel.swift */; };
		1B2C36AD27E2DDF900559E38 /* CoinRowView.swift in Sources */ = {isa = PBXBuildFile; fileRef = 1B2C36AC27E2DDF900559E38 /* CoinRowView.swift */; };
		1B2C36AF27E2DE4500559E38 /* PreviewProvider.swift in Sources */ = {isa = PBXBuildFile; fileRef = 1B2C36AE27E2DE4500559E38 /* PreviewProvider.swift */; };
		1B2C36B127E2E65A00559E38 /* Double.swift in Sources */ = {isa = PBXBuildFile; fileRef = 1B2C36B027E2E65A00559E38 /* Double.swift */; };
		1B2C36B327E3068700559E38 /* HomeViewModel.swift in Sources */ = {isa = PBXBuildFile; fileRef = 1B2C36B227E3068700559E38 /* HomeViewModel.swift */; };
		1B2C36B627E30EC700559E38 /* CoinDataService.swift in Sources */ = {isa = PBXBuildFile; fileRef = 1B2C36B527E30EC700559E38 /* CoinDataService.swift */; };
		1B2C36B927E31ECC00559E38 /* NetworkingManager.swift in Sources */ = {isa = PBXBuildFile; fileRef = 1B2C36B827E31ECC00559E38 /* NetworkingManager.swift */; };
		1B2C36BB27E32A6F00559E38 /* ImageView.swift in Sources */ = {isa = PBXBuildFile; fileRef = 1B2C36BA27E32A6F00559E38 /* ImageView.swift */; };
		1B2C36BD27E32AA800559E38 /* CoinImageViewModel.swift in Sources */ = {isa = PBXBuildFile; fileRef = 1B2C36BC27E32AA800559E38 /* CoinImageViewModel.swift */; };
		1B2C36BF27E3301100559E38 /* ImageService.swift in Sources */ = {isa = PBXBuildFile; fileRef = 1B2C36BE27E3301100559E38 /* ImageService.swift */; };
		1B2C36C127E33C2C00559E38 /* LocalFileManager.swift in Sources */ = {isa = PBXBuildFile; fileRef = 1B2C36C027E33C2C00559E38 /* LocalFileManager.swift */; };
		1B2C36C327E4282600559E38 /* SearchBarView.swift in Sources */ = {isa = PBXBuildFile; fileRef = 1B2C36C227E4282600559E38 /* SearchBarView.swift */; };
		1B2C36C527E438DC00559E38 /* UIApplication.swift in Sources */ = {isa = PBXBuildFile; fileRef = 1B2C36C427E438DC00559E38 /* UIApplication.swift */; };
		1B2C36C727E45F4300559E38 /* StatisticModel.swift in Sources */ = {isa = PBXBuildFile; fileRef = 1B2C36C627E45F4300559E38 /* StatisticModel.swift */; };
		1B2C36C927E4606500559E38 /* StatisticView.swift in Sources */ = {isa = PBXBuildFile; fileRef = 1B2C36C827E4606500559E38 /* StatisticView.swift */; };
		1B2C36CB27E46B5C00559E38 /* HomeStatsView.swift in Sources */ = {isa = PBXBuildFile; fileRef = 1B2C36CA27E46B5C00559E38 /* HomeStatsView.swift */; };
/* End PBXBuildFile section */

/* Begin PBXContainerItemProxy section */
		1B2C367E27E1E43B00559E38 /* PBXContainerItemProxy */ = {
			isa = PBXContainerItemProxy;
			containerPortal = 1B2C366527E1E43900559E38 /* Project object */;
			proxyType = 1;
			remoteGlobalIDString = 1B2C366C27E1E43900559E38;
			remoteInfo = CryptoTracker;
		};
		1B2C368827E1E43B00559E38 /* PBXContainerItemProxy */ = {
			isa = PBXContainerItemProxy;
			containerPortal = 1B2C366527E1E43900559E38 /* Project object */;
			proxyType = 1;
			remoteGlobalIDString = 1B2C366C27E1E43900559E38;
			remoteInfo = CryptoTracker;
		};
/* End PBXContainerItemProxy section */

/* Begin PBXFileReference section */
		1B0CF7D627E5B0A3009A7D52 /* MarkDataModel.swift */ = {isa = PBXFileReference; lastKnownFileType = sourcecode.swift; path = MarkDataModel.swift; sourceTree = "<group>"; };
		1B0CF7D827E5B70D009A7D52 /* MarketDataService.swift */ = {isa = PBXFileReference; lastKnownFileType = sourcecode.swift; path = MarketDataService.swift; sourceTree = "<group>"; };
		1B0CF7DA27E5CBAC009A7D52 /* PortfolioView.swift */ = {isa = PBXFileReference; lastKnownFileType = sourcecode.swift; path = PortfolioView.swift; sourceTree = "<group>"; };
		1B0CF7DE27E5DAD4009A7D52 /* CoinLogoView.swift */ = {isa = PBXFileReference; lastKnownFileType = sourcecode.swift; path = CoinLogoView.swift; sourceTree = "<group>"; };
		1B0CF7E127E71643009A7D52 /* PortfolioContainer.xcdatamodel */ = {isa = PBXFileReference; lastKnownFileType = wrapper.xcdatamodel; path = PortfolioContainer.xcdatamodel; sourceTree = "<group>"; };
		1B0CF7E327E71720009A7D52 /* PortfolioService.swift */ = {isa = PBXFileReference; lastKnownFileType = sourcecode.swift; path = PortfolioService.swift; sourceTree = "<group>"; };
		1B2C366D27E1E43900559E38 /* CryptoTracker.app */ = {isa = PBXFileReference; explicitFileType = wrapper.application; includeInIndex = 0; path = CryptoTracker.app; sourceTree = BUILT_PRODUCTS_DIR; };
		1B2C367027E1E43900559E38 /* CryptoTrackerApp.swift */ = {isa = PBXFileReference; lastKnownFileType = sourcecode.swift; path = CryptoTrackerApp.swift; sourceTree = "<group>"; };
		1B2C367227E1E43900559E38 /* ContentView.swift */ = {isa = PBXFileReference; lastKnownFileType = sourcecode.swift; path = ContentView.swift; sourceTree = "<group>"; };
		1B2C367727E1E43B00559E38 /* Preview Assets.xcassets */ = {isa = PBXFileReference; lastKnownFileType = folder.assetcatalog; path = "Preview Assets.xcassets"; sourceTree = "<group>"; };
		1B2C367D27E1E43B00559E38 /* CryptoTrackerTests.xctest */ = {isa = PBXFileReference; explicitFileType = wrapper.cfbundle; includeInIndex = 0; path = CryptoTrackerTests.xctest; sourceTree = BUILT_PRODUCTS_DIR; };
		1B2C368127E1E43B00559E38 /* CryptoTrackerTests.swift */ = {isa = PBXFileReference; lastKnownFileType = sourcecode.swift; path = CryptoTrackerTests.swift; sourceTree = "<group>"; };
		1B2C368727E1E43B00559E38 /* CryptoTrackerUITests.xctest */ = {isa = PBXFileReference; explicitFileType = wrapper.cfbundle; includeInIndex = 0; path = CryptoTrackerUITests.xctest; sourceTree = BUILT_PRODUCTS_DIR; };
		1B2C368B27E1E43B00559E38 /* CryptoTrackerUITests.swift */ = {isa = PBXFileReference; lastKnownFileType = sourcecode.swift; path = CryptoTrackerUITests.swift; sourceTree = "<group>"; };
		1B2C368D27E1E43B00559E38 /* CryptoTrackerUITestsLaunchTests.swift */ = {isa = PBXFileReference; lastKnownFileType = sourcecode.swift; path = CryptoTrackerUITestsLaunchTests.swift; sourceTree = "<group>"; };
		1B2C369A27E1E47E00559E38 /* Assets.xcassets */ = {isa = PBXFileReference; lastKnownFileType = folder.assetcatalog; path = Assets.xcassets; sourceTree = "<group>"; };
		1B2C36A127E1E4E000559E38 /* ColorSwift.swift */ = {isa = PBXFileReference; lastKnownFileType = sourcecode.swift; path = ColorSwift.swift; sourceTree = "<group>"; };
		1B2C36A327E1E4FF00559E38 /* HomeView.swift */ = {isa = PBXFileReference; lastKnownFileType = sourcecode.swift; path = HomeView.swift; sourceTree = "<group>"; };
		1B2C36A627E1E67000559E38 /* CircleButtonView.swift */ = {isa = PBXFileReference; lastKnownFileType = sourcecode.swift; path = CircleButtonView.swift; sourceTree = "<group>"; };
		1B2C36A827E1EDE100559E38 /* CircleButtonAnimationView.swift */ = {isa = PBXFileReference; lastKnownFileType = sourcecode.swift; path = CircleButtonAnimationView.swift; sourceTree = "<group>"; };
		1B2C36AA27E2D37200559E38 /* CoinModel.swift */ = {isa = PBXFileReference; lastKnownFileType = sourcecode.swift; path = CoinModel.swift; sourceTree = "<group>"; };
		1B2C36AC27E2DDF900559E38 /* CoinRowView.swift */ = {isa = PBXFileReference; lastKnownFileType = sourcecode.swift; path = CoinRowView.swift; sourceTree = "<group>"; };
		1B2C36AE27E2DE4500559E38 /* PreviewProvider.swift */ = {isa = PBXFileReference; lastKnownFileType = sourcecode.swift; path = PreviewProvider.swift; sourceTree = "<group>"; };
		1B2C36B027E2E65A00559E38 /* Double.swift */ = {isa = PBXFileReference; lastKnownFileType = sourcecode.swift; path = Double.swift; sourceTree = "<group>"; };
		1B2C36B227E3068700559E38 /* HomeViewModel.swift */ = {isa = PBXFileReference; lastKnownFileType = sourcecode.swift; path = HomeViewModel.swift; sourceTree = "<group>"; };
		1B2C36B527E30EC700559E38 /* CoinDataService.swift */ = {isa = PBXFileReference; lastKnownFileType = sourcecode.swift; path = CoinDataService.swift; sourceTree = "<group>"; };
		1B2C36B827E31ECC00559E38 /* NetworkingManager.swift */ = {isa = PBXFileReference; lastKnownFileType = sourcecode.swift; path = NetworkingManager.swift; sourceTree = "<group>"; };
		1B2C36BA27E32A6F00559E38 /* ImageView.swift */ = {isa = PBXFileReference; lastKnownFileType = sourcecode.swift; path = ImageView.swift; sourceTree = "<group>"; };
		1B2C36BC27E32AA800559E38 /* CoinImageViewModel.swift */ = {isa = PBXFileReference; lastKnownFileType = sourcecode.swift; path = CoinImageViewModel.swift; sourceTree = "<group>"; };
		1B2C36BE27E3301100559E38 /* ImageService.swift */ = {isa = PBXFileReference; lastKnownFileType = sourcecode.swift; path = ImageService.swift; sourceTree = "<group>"; };
		1B2C36C027E33C2C00559E38 /* LocalFileManager.swift */ = {isa = PBXFileReference; lastKnownFileType = sourcecode.swift; path = LocalFileManager.swift; sourceTree = "<group>"; };
		1B2C36C227E4282600559E38 /* SearchBarView.swift */ = {isa = PBXFileReference; lastKnownFileType = sourcecode.swift; path = SearchBarView.swift; sourceTree = "<group>"; };
		1B2C36C427E438DC00559E38 /* UIApplication.swift */ = {isa = PBXFileReference; lastKnownFileType = sourcecode.swift; path = UIApplication.swift; sourceTree = "<group>"; };
		1B2C36C627E45F4300559E38 /* StatisticModel.swift */ = {isa = PBXFileReference; lastKnownFileType = sourcecode.swift; path = StatisticModel.swift; sourceTree = "<group>"; };
		1B2C36C827E4606500559E38 /* StatisticView.swift */ = {isa = PBXFileReference; lastKnownFileType = sourcecode.swift; path = StatisticView.swift; sourceTree = "<group>"; };
		1B2C36CA27E46B5C00559E38 /* HomeStatsView.swift */ = {isa = PBXFileReference; lastKnownFileType = sourcecode.swift; path = HomeStatsView.swift; sourceTree = "<group>"; };
/* End PBXFileReference section */

/* Begin PBXFrameworksBuildPhase section */
		1B2C366A27E1E43900559E38 /* Frameworks */ = {
			isa = PBXFrameworksBuildPhase;
			buildActionMask = 2147483647;
			files = (
			);
			runOnlyForDeploymentPostprocessing = 0;
		};
		1B2C367A27E1E43B00559E38 /* Frameworks */ = {
			isa = PBXFrameworksBuildPhase;
			buildActionMask = 2147483647;
			files = (
			);
			runOnlyForDeploymentPostprocessing = 0;
		};
		1B2C368427E1E43B00559E38 /* Frameworks */ = {
			isa = PBXFrameworksBuildPhase;
			buildActionMask = 2147483647;
			files = (
			);
			runOnlyForDeploymentPostprocessing = 0;
		};
/* End PBXFrameworksBuildPhase section */

/* Begin PBXGroup section */
		1B2C366427E1E43900559E38 = {
			isa = PBXGroup;
			children = (
				1B2C366F27E1E43900559E38 /* CryptoTracker */,
				1B2C368027E1E43B00559E38 /* CryptoTrackerTests */,
				1B2C368A27E1E43B00559E38 /* CryptoTrackerUITests */,
				1B2C366E27E1E43900559E38 /* Products */,
			);
			sourceTree = "<group>";
		};
		1B2C366E27E1E43900559E38 /* Products */ = {
			isa = PBXGroup;
			children = (
				1B2C366D27E1E43900559E38 /* CryptoTracker.app */,
				1B2C367D27E1E43B00559E38 /* CryptoTrackerTests.xctest */,
				1B2C368727E1E43B00559E38 /* CryptoTrackerUITests.xctest */,
			);
			name = Products;
			sourceTree = "<group>";
		};
		1B2C366F27E1E43900559E38 /* CryptoTracker */ = {
			isa = PBXGroup;
			children = (
				1B2C36B727E31E3100559E38 /* Utilities */,
				1B2C36B427E30E9500559E38 /* Service */,
				1B2C369D27E1E49400559E38 /* Code */,
				1B2C369C27E1E48B00559E38 /* Extensions */,
				1B2C367027E1E43900559E38 /* CryptoTrackerApp.swift */,
				1B2C367227E1E43900559E38 /* ContentView.swift */,
				1B2C369A27E1E47E00559E38 /* Assets.xcassets */,
				1B2C367627E1E43B00559E38 /* Preview Content */,
			);
			path = CryptoTracker;
			sourceTree = "<group>";
		};
		1B2C367627E1E43B00559E38 /* Preview Content */ = {
			isa = PBXGroup;
			children = (
				1B2C367727E1E43B00559E38 /* Preview Assets.xcassets */,
			);
			path = "Preview Content";
			sourceTree = "<group>";
		};
		1B2C368027E1E43B00559E38 /* CryptoTrackerTests */ = {
			isa = PBXGroup;
			children = (
				1B2C368127E1E43B00559E38 /* CryptoTrackerTests.swift */,
			);
			path = CryptoTrackerTests;
			sourceTree = "<group>";
		};
		1B2C368A27E1E43B00559E38 /* CryptoTrackerUITests */ = {
			isa = PBXGroup;
			children = (
				1B2C368B27E1E43B00559E38 /* CryptoTrackerUITests.swift */,
				1B2C368D27E1E43B00559E38 /* CryptoTrackerUITestsLaunchTests.swift */,
			);
			path = CryptoTrackerUITests;
			sourceTree = "<group>";
		};
		1B2C369C27E1E48B00559E38 /* Extensions */ = {
			isa = PBXGroup;
			children = (
				1B2C36AE27E2DE4500559E38 /* PreviewProvider.swift */,
				1B2C36A127E1E4E000559E38 /* ColorSwift.swift */,
				1B2C36B027E2E65A00559E38 /* Double.swift */,
				1B2C36C427E438DC00559E38 /* UIApplication.swift */,
			);
			path = Extensions;
			sourceTree = "<group>";
		};
		1B2C369D27E1E49400559E38 /* Code */ = {
			isa = PBXGroup;
			children = (
				1B2C36A027E1E4C800559E38 /* Models */,
				1B2C369F27E1E4B000559E38 /* Views */,
				1B2C369E27E1E49B00559E38 /* ViewModels */,
			);
			path = Code;
			sourceTree = "<group>";
		};
		1B2C369E27E1E49B00559E38 /* ViewModels */ = {
			isa = PBXGroup;
			children = (
				1B2C36B227E3068700559E38 /* HomeViewModel.swift */,
				1B2C36BC27E32AA800559E38 /* CoinImageViewModel.swift */,
			);
			path = ViewModels;
			sourceTree = "<group>";
		};
		1B2C369F27E1E4B000559E38 /* Views */ = {
			isa = PBXGroup;
			children = (
				1B2C36A527E1E65800559E38 /* Components */,
				1B2C36A327E1E4FF00559E38 /* HomeView.swift */,
			);
			path = Views;
			sourceTree = "<group>";
		};
		1B2C36A027E1E4C800559E38 /* Models */ = {
			isa = PBXGroup;
			children = (
				1B2C36AA27E2D37200559E38 /* CoinModel.swift */,
				1B2C36C627E45F4300559E38 /* StatisticModel.swift */,
				1B0CF7D627E5B0A3009A7D52 /* MarkDataModel.swift */,
				1B0CF7E027E71643009A7D52 /* PortfolioContainer.xcdatamodeld */,
			);
			path = Models;
			sourceTree = "<group>";
		};
		1B2C36A527E1E65800559E38 /* Components */ = {
			isa = PBXGroup;
			children = (
				1B2C36AC27E2DDF900559E38 /* CoinRowView.swift */,
				1B2C36CA27E46B5C00559E38 /* HomeStatsView.swift */,
				1B2C36A627E1E67000559E38 /* CircleButtonView.swift */,
				1B2C36A827E1EDE100559E38 /* CircleButtonAnimationView.swift */,
				1B2C36BA27E32A6F00559E38 /* ImageView.swift */,
				1B2C36C227E4282600559E38 /* SearchBarView.swift */,
				1B2C36C827E4606500559E38 /* StatisticView.swift */,
				1B0CF7DA27E5CBAC009A7D52 /* PortfolioView.swift */,
				1B0CF7DE27E5DAD4009A7D52 /* CoinLogoView.swift */,
			);
			path = Components;
			sourceTree = "<group>";
		};
		1B2C36B427E30E9500559E38 /* Service */ = {
			isa = PBXGroup;
			children = (
				1B2C36BE27E3301100559E38 /* ImageService.swift */,
				1B2C36B527E30EC700559E38 /* CoinDataService.swift */,
				1B0CF7D827E5B70D009A7D52 /* MarketDataService.swift */,
				1B0CF7E327E71720009A7D52 /* PortfolioService.swift */,
			);
			path = Service;
			sourceTree = "<group>";
		};
		1B2C36B727E31E3100559E38 /* Utilities */ = {
			isa = PBXGroup;
			children = (
				1B2C36B827E31ECC00559E38 /* NetworkingManager.swift */,
				1B2C36C027E33C2C00559E38 /* LocalFileManager.swift */,
			);
			path = Utilities;
			sourceTree = "<group>";
		};
/* End PBXGroup section */

/* Begin PBXNativeTarget section */
		1B2C366C27E1E43900559E38 /* CryptoTracker */ = {
			isa = PBXNativeTarget;
			buildConfigurationList = 1B2C369127E1E43B00559E38 /* Build configuration list for PBXNativeTarget "CryptoTracker" */;
			buildPhases = (
				1B2C366927E1E43900559E38 /* Sources */,
				1B2C366A27E1E43900559E38 /* Frameworks */,
				1B2C366B27E1E43900559E38 /* Resources */,
			);
			buildRules = (
			);
			dependencies = (
			);
			name = CryptoTracker;
			productName = CryptoTracker;
			productReference = 1B2C366D27E1E43900559E38 /* CryptoTracker.app */;
			productType = "com.apple.product-type.application";
		};
		1B2C367C27E1E43B00559E38 /* CryptoTrackerTests */ = {
			isa = PBXNativeTarget;
			buildConfigurationList = 1B2C369427E1E43B00559E38 /* Build configuration list for PBXNativeTarget "CryptoTrackerTests" */;
			buildPhases = (
				1B2C367927E1E43B00559E38 /* Sources */,
				1B2C367A27E1E43B00559E38 /* Frameworks */,
				1B2C367B27E1E43B00559E38 /* Resources */,
			);
			buildRules = (
			);
			dependencies = (
				1B2C367F27E1E43B00559E38 /* PBXTargetDependency */,
			);
			name = CryptoTrackerTests;
			productName = CryptoTrackerTests;
			productReference = 1B2C367D27E1E43B00559E38 /* CryptoTrackerTests.xctest */;
			productType = "com.apple.product-type.bundle.unit-test";
		};
		1B2C368627E1E43B00559E38 /* CryptoTrackerUITests */ = {
			isa = PBXNativeTarget;
			buildConfigurationList = 1B2C369727E1E43B00559E38 /* Build configuration list for PBXNativeTarget "CryptoTrackerUITests" */;
			buildPhases = (
				1B2C368327E1E43B00559E38 /* Sources */,
				1B2C368427E1E43B00559E38 /* Frameworks */,
				1B2C368527E1E43B00559E38 /* Resources */,
			);
			buildRules = (
			);
			dependencies = (
				1B2C368927E1E43B00559E38 /* PBXTargetDependency */,
			);
			name = CryptoTrackerUITests;
			productName = CryptoTrackerUITests;
			productReference = 1B2C368727E1E43B00559E38 /* CryptoTrackerUITests.xctest */;
			productType = "com.apple.product-type.bundle.ui-testing";
		};
/* End PBXNativeTarget section */

/* Begin PBXProject section */
		1B2C366527E1E43900559E38 /* Project object */ = {
			isa = PBXProject;
			attributes = {
				BuildIndependentTargetsInParallel = 1;
				LastSwiftUpdateCheck = 1320;
				LastUpgradeCheck = 1320;
				TargetAttributes = {
					1B2C366C27E1E43900559E38 = {
						CreatedOnToolsVersion = 13.2.1;
					};
					1B2C367C27E1E43B00559E38 = {
						CreatedOnToolsVersion = 13.2.1;
						TestTargetID = 1B2C366C27E1E43900559E38;
					};
					1B2C368627E1E43B00559E38 = {
						CreatedOnToolsVersion = 13.2.1;
						TestTargetID = 1B2C366C27E1E43900559E38;
					};
				};
			};
			buildConfigurationList = 1B2C366827E1E43900559E38 /* Build configuration list for PBXProject "CryptoTracker" */;
			compatibilityVersion = "Xcode 13.0";
			developmentRegion = en;
			hasScannedForEncodings = 0;
			knownRegions = (
				en,
				Base,
			);
			mainGroup = 1B2C366427E1E43900559E38;
			productRefGroup = 1B2C366E27E1E43900559E38 /* Products */;
			projectDirPath = "";
			projectRoot = "";
			targets = (
				1B2C366C27E1E43900559E38 /* CryptoTracker */,
				1B2C367C27E1E43B00559E38 /* CryptoTrackerTests */,
				1B2C368627E1E43B00559E38 /* CryptoTrackerUITests */,
			);
		};
/* End PBXProject section */

/* Begin PBXResourcesBuildPhase section */
		1B2C366B27E1E43900559E38 /* Resources */ = {
			isa = PBXResourcesBuildPhase;
			buildActionMask = 2147483647;
			files = (
				1B2C369B27E1E47E00559E38 /* Assets.xcassets in Resources */,
				1B2C367827E1E43B00559E38 /* Preview Assets.xcassets in Resources */,
			);
			runOnlyForDeploymentPostprocessing = 0;
		};
		1B2C367B27E1E43B00559E38 /* Resources */ = {
			isa = PBXResourcesBuildPhase;
			buildActionMask = 2147483647;
			files = (
			);
			runOnlyForDeploymentPostprocessing = 0;
		};
		1B2C368527E1E43B00559E38 /* Resources */ = {
			isa = PBXResourcesBuildPhase;
			buildActionMask = 2147483647;
			files = (
			);
			runOnlyForDeploymentPostprocessing = 0;
		};
/* End PBXResourcesBuildPhase section */

/* Begin PBXSourcesBuildPhase section */
		1B2C366927E1E43900559E38 /* Sources */ = {
			isa = PBXSourcesBuildPhase;
			buildActionMask = 2147483647;
			files = (
				1B2C36C727E45F4300559E38 /* StatisticModel.swift in Sources */,
				1B2C36BD27E32AA800559E38 /* CoinImageViewModel.swift in Sources */,
				1B0CF7DF27E5DAD4009A7D52 /* CoinLogoView.swift in Sources */,
				1B2C36BF27E3301100559E38 /* ImageService.swift in Sources */,
				1B2C36B627E30EC700559E38 /* CoinDataService.swift in Sources */,
				1B0CF7E227E71643009A7D52 /* PortfolioContainer.xcdatamodeld in Sources */,
				1B2C36AD27E2DDF900559E38 /* CoinRowView.swift in Sources */,
				1B2C36C127E33C2C00559E38 /* LocalFileManager.swift in Sources */,
				1B2C36B327E3068700559E38 /* HomeViewModel.swift in Sources */,
				1B2C36C927E4606500559E38 /* StatisticView.swift in Sources */,
				1B2C36A227E1E4E000559E38 /* ColorSwift.swift in Sources */,
				1B2C36A427E1E4FF00559E38 /* HomeView.swift in Sources */,
				1B0CF7D727E5B0A3009A7D52 /* MarkDataModel.swift in Sources */,
				1B2C36C527E438DC00559E38 /* UIApplication.swift in Sources */,
				1B2C367327E1E43900559E38 /* ContentView.swift in Sources */,
				1B2C36A727E1E67000559E38 /* CircleButtonView.swift in Sources */,
				1B2C36C327E4282600559E38 /* SearchBarView.swift in Sources */,
				1B2C367127E1E43900559E38 /* CryptoTrackerApp.swift in Sources */,
				1B2C36CB27E46B5C00559E38 /* HomeStatsView.swift in Sources */,
				1B0CF7D927E5B70D009A7D52 /* MarketDataService.swift in Sources */,
				1B2C36B927E31ECC00559E38 /* NetworkingManager.swift in Sources */,
				1B2C36A927E1EDE100559E38 /* CircleButtonAnimationView.swift in Sources */,
				1B2C36AF27E2DE4500559E38 /* PreviewProvider.swift in Sources */,
				1B0CF7DB27E5CBAC009A7D52 /* PortfolioView.swift in Sources */,
				1B0CF7E427E71720009A7D52 /* PortfolioService.swift in Sources */,
				1B2C36B127E2E65A00559E38 /* Double.swift in Sources */,
				1B2C36BB27E32A6F00559E38 /* ImageView.swift in Sources */,
				1B2C36AB27E2D37200559E38 /* CoinModel.swift in Sources */,
			);
			runOnlyForDeploymentPostprocessing = 0;
		};
		1B2C367927E1E43B00559E38 /* Sources */ = {
			isa = PBXSourcesBuildPhase;
			buildActionMask = 2147483647;
			files = (
				1B2C368227E1E43B00559E38 /* CryptoTrackerTests.swift in Sources */,
			);
			runOnlyForDeploymentPostprocessing = 0;
		};
		1B2C368327E1E43B00559E38 /* Sources */ = {
			isa = PBXSourcesBuildPhase;
			buildActionMask = 2147483647;
			files = (
				1B2C368E27E1E43B00559E38 /* CryptoTrackerUITestsLaunchTests.swift in Sources */,
				1B2C368C27E1E43B00559E38 /* CryptoTrackerUITests.swift in Sources */,
			);
			runOnlyForDeploymentPostprocessing = 0;
		};
/* End PBXSourcesBuildPhase section */

/* Begin PBXTargetDependency section */
		1B2C367F27E1E43B00559E38 /* PBXTargetDependency */ = {
			isa = PBXTargetDependency;
			target = 1B2C366C27E1E43900559E38 /* CryptoTracker */;
			targetProxy = 1B2C367E27E1E43B00559E38 /* PBXContainerItemProxy */;
		};
		1B2C368927E1E43B00559E38 /* PBXTargetDependency */ = {
			isa = PBXTargetDependency;
			target = 1B2C366C27E1E43900559E38 /* CryptoTracker */;
			targetProxy = 1B2C368827E1E43B00559E38 /* PBXContainerItemProxy */;
		};
/* End PBXTargetDependency section */

/* Begin XCBuildConfiguration section */
		1B2C368F27E1E43B00559E38 /* Debug */ = {
			isa = XCBuildConfiguration;
			buildSettings = {
				ALWAYS_SEARCH_USER_PATHS = NO;
				CLANG_ANALYZER_NONNULL = YES;
				CLANG_ANALYZER_NUMBER_OBJECT_CONVERSION = YES_AGGRESSIVE;
				CLANG_CXX_LANGUAGE_STANDARD = "gnu++17";
				CLANG_CXX_LIBRARY = "libc++";
				CLANG_ENABLE_MODULES = YES;
				CLANG_ENABLE_OBJC_ARC = YES;
				CLANG_ENABLE_OBJC_WEAK = YES;
				CLANG_WARN_BLOCK_CAPTURE_AUTORELEASING = YES;
				CLANG_WARN_BOOL_CONVERSION = YES;
				CLANG_WARN_COMMA = YES;
				CLANG_WARN_CONSTANT_CONVERSION = YES;
				CLANG_WARN_DEPRECATED_OBJC_IMPLEMENTATIONS = YES;
				CLANG_WARN_DIRECT_OBJC_ISA_USAGE = YES_ERROR;
				CLANG_WARN_DOCUMENTATION_COMMENTS = YES;
				CLANG_WARN_EMPTY_BODY = YES;
				CLANG_WARN_ENUM_CONVERSION = YES;
				CLANG_WARN_INFINITE_RECURSION = YES;
				CLANG_WARN_INT_CONVERSION = YES;
				CLANG_WARN_NON_LITERAL_NULL_CONVERSION = YES;
				CLANG_WARN_OBJC_IMPLICIT_RETAIN_SELF = YES;
				CLANG_WARN_OBJC_LITERAL_CONVERSION = YES;
				CLANG_WARN_OBJC_ROOT_CLASS = YES_ERROR;
				CLANG_WARN_QUOTED_INCLUDE_IN_FRAMEWORK_HEADER = YES;
				CLANG_WARN_RANGE_LOOP_ANALYSIS = YES;
				CLANG_WARN_STRICT_PROTOTYPES = YES;
				CLANG_WARN_SUSPICIOUS_MOVE = YES;
				CLANG_WARN_UNGUARDED_AVAILABILITY = YES_AGGRESSIVE;
				CLANG_WARN_UNREACHABLE_CODE = YES;
				CLANG_WARN__DUPLICATE_METHOD_MATCH = YES;
				COPY_PHASE_STRIP = NO;
				DEBUG_INFORMATION_FORMAT = dwarf;
				ENABLE_STRICT_OBJC_MSGSEND = YES;
				ENABLE_TESTABILITY = YES;
				GCC_C_LANGUAGE_STANDARD = gnu11;
				GCC_DYNAMIC_NO_PIC = NO;
				GCC_NO_COMMON_BLOCKS = YES;
				GCC_OPTIMIZATION_LEVEL = 0;
				GCC_PREPROCESSOR_DEFINITIONS = (
					"DEBUG=1",
					"$(inherited)",
				);
				GCC_WARN_64_TO_32_BIT_CONVERSION = YES;
				GCC_WARN_ABOUT_RETURN_TYPE = YES_ERROR;
				GCC_WARN_UNDECLARED_SELECTOR = YES;
				GCC_WARN_UNINITIALIZED_AUTOS = YES_AGGRESSIVE;
				GCC_WARN_UNUSED_FUNCTION = YES;
				GCC_WARN_UNUSED_VARIABLE = YES;
				IPHONEOS_DEPLOYMENT_TARGET = 15.2;
				MTL_ENABLE_DEBUG_INFO = INCLUDE_SOURCE;
				MTL_FAST_MATH = YES;
				ONLY_ACTIVE_ARCH = YES;
				SDKROOT = iphoneos;
				SWIFT_ACTIVE_COMPILATION_CONDITIONS = DEBUG;
				SWIFT_OPTIMIZATION_LEVEL = "-Onone";
			};
			name = Debug;
		};
		1B2C369027E1E43B00559E38 /* Release */ = {
			isa = XCBuildConfiguration;
			buildSettings = {
				ALWAYS_SEARCH_USER_PATHS = NO;
				CLANG_ANALYZER_NONNULL = YES;
				CLANG_ANALYZER_NUMBER_OBJECT_CONVERSION = YES_AGGRESSIVE;
				CLANG_CXX_LANGUAGE_STANDARD = "gnu++17";
				CLANG_CXX_LIBRARY = "libc++";
				CLANG_ENABLE_MODULES = YES;
				CLANG_ENABLE_OBJC_ARC = YES;
				CLANG_ENABLE_OBJC_WEAK = YES;
				CLANG_WARN_BLOCK_CAPTURE_AUTORELEASING = YES;
				CLANG_WARN_BOOL_CONVERSION = YES;
				CLANG_WARN_COMMA = YES;
				CLANG_WARN_CONSTANT_CONVERSION = YES;
				CLANG_WARN_DEPRECATED_OBJC_IMPLEMENTATIONS = YES;
				CLANG_WARN_DIRECT_OBJC_ISA_USAGE = YES_ERROR;
				CLANG_WARN_DOCUMENTATION_COMMENTS = YES;
				CLANG_WARN_EMPTY_BODY = YES;
				CLANG_WARN_ENUM_CONVERSION = YES;
				CLANG_WARN_INFINITE_RECURSION = YES;
				CLANG_WARN_INT_CONVERSION = YES;
				CLANG_WARN_NON_LITERAL_NULL_CONVERSION = YES;
				CLANG_WARN_OBJC_IMPLICIT_RETAIN_SELF = YES;
				CLANG_WARN_OBJC_LITERAL_CONVERSION = YES;
				CLANG_WARN_OBJC_ROOT_CLASS = YES_ERROR;
				CLANG_WARN_QUOTED_INCLUDE_IN_FRAMEWORK_HEADER = YES;
				CLANG_WARN_RANGE_LOOP_ANALYSIS = YES;
				CLANG_WARN_STRICT_PROTOTYPES = YES;
				CLANG_WARN_SUSPICIOUS_MOVE = YES;
				CLANG_WARN_UNGUARDED_AVAILABILITY = YES_AGGRESSIVE;
				CLANG_WARN_UNREACHABLE_CODE = YES;
				CLANG_WARN__DUPLICATE_METHOD_MATCH = YES;
				COPY_PHASE_STRIP = NO;
				DEBUG_INFORMATION_FORMAT = "dwarf-with-dsym";
				ENABLE_NS_ASSERTIONS = NO;
				ENABLE_STRICT_OBJC_MSGSEND = YES;
				GCC_C_LANGUAGE_STANDARD = gnu11;
				GCC_NO_COMMON_BLOCKS = YES;
				GCC_WARN_64_TO_32_BIT_CONVERSION = YES;
				GCC_WARN_ABOUT_RETURN_TYPE = YES_ERROR;
				GCC_WARN_UNDECLARED_SELECTOR = YES;
				GCC_WARN_UNINITIALIZED_AUTOS = YES_AGGRESSIVE;
				GCC_WARN_UNUSED_FUNCTION = YES;
				GCC_WARN_UNUSED_VARIABLE = YES;
				IPHONEOS_DEPLOYMENT_TARGET = 15.2;
				MTL_ENABLE_DEBUG_INFO = NO;
				MTL_FAST_MATH = YES;
				SDKROOT = iphoneos;
				SWIFT_COMPILATION_MODE = wholemodule;
				SWIFT_OPTIMIZATION_LEVEL = "-O";
				VALIDATE_PRODUCT = YES;
			};
			name = Release;
		};
		1B2C369227E1E43B00559E38 /* Debug */ = {
			isa = XCBuildConfiguration;
			buildSettings = {
				ASSETCATALOG_COMPILER_APPICON_NAME = AppIcon;
				ASSETCATALOG_COMPILER_GLOBAL_ACCENT_COLOR_NAME = AccentColor;
				CODE_SIGN_STYLE = Automatic;
				CURRENT_PROJECT_VERSION = 1;
				DEVELOPMENT_ASSET_PATHS = "\"CryptoTracker/Preview Content\"";
				DEVELOPMENT_TEAM = VKLQVTS4CR;
				ENABLE_PREVIEWS = YES;
				GENERATE_INFOPLIST_FILE = YES;
				INFOPLIST_KEY_UIApplicationSceneManifest_Generation = YES;
				INFOPLIST_KEY_UIApplicationSupportsIndirectInputEvents = YES;
				INFOPLIST_KEY_UILaunchScreen_Generation = YES;
				INFOPLIST_KEY_UISupportedInterfaceOrientations_iPad = "UIInterfaceOrientationPortrait UIInterfaceOrientationPortraitUpsideDown UIInterfaceOrientationLandscapeLeft UIInterfaceOrientationLandscapeRight";
				INFOPLIST_KEY_UISupportedInterfaceOrientations_iPhone = "UIInterfaceOrientationPortrait UIInterfaceOrientationLandscapeLeft UIInterfaceOrientationLandscapeRight";
				LD_RUNPATH_SEARCH_PATHS = (
					"$(inherited)",
					"@executable_path/Frameworks",
				);
				MARKETING_VERSION = 1.0;
				PRODUCT_BUNDLE_IDENTIFIER = wwq.CryptoTracker;
				PRODUCT_NAME = "$(TARGET_NAME)";
				SWIFT_EMIT_LOC_STRINGS = YES;
				SWIFT_VERSION = 5.0;
				TARGETED_DEVICE_FAMILY = "1,2";
			};
			name = Debug;
		};
		1B2C369327E1E43B00559E38 /* Release */ = {
			isa = XCBuildConfiguration;
			buildSettings = {
				ASSETCATALOG_COMPILER_APPICON_NAME = AppIcon;
				ASSETCATALOG_COMPILER_GLOBAL_ACCENT_COLOR_NAME = AccentColor;
				CODE_SIGN_STYLE = Automatic;
				CURRENT_PROJECT_VERSION = 1;
				DEVELOPMENT_ASSET_PATHS = "\"CryptoTracker/Preview Content\"";
				DEVELOPMENT_TEAM = VKLQVTS4CR;
				ENABLE_PREVIEWS = YES;
				GENERATE_INFOPLIST_FILE = YES;
				INFOPLIST_KEY_UIApplicationSceneManifest_Generation = YES;
				INFOPLIST_KEY_UIApplicationSupportsIndirectInputEvents = YES;
				INFOPLIST_KEY_UILaunchScreen_Generation = YES;
				INFOPLIST_KEY_UISupportedInterfaceOrientations_iPad = "UIInterfaceOrientationPortrait UIInterfaceOrientationPortraitUpsideDown UIInterfaceOrientationLandscapeLeft UIInterfaceOrientationLandscapeRight";
				INFOPLIST_KEY_UISupportedInterfaceOrientations_iPhone = "UIInterfaceOrientationPortrait UIInterfaceOrientationLandscapeLeft UIInterfaceOrientationLandscapeRight";
				LD_RUNPATH_SEARCH_PATHS = (
					"$(inherited)",
					"@executable_path/Frameworks",
				);
				MARKETING_VERSION = 1.0;
				PRODUCT_BUNDLE_IDENTIFIER = wwq.CryptoTracker;
				PRODUCT_NAME = "$(TARGET_NAME)";
				SWIFT_EMIT_LOC_STRINGS = YES;
				SWIFT_VERSION = 5.0;
				TARGETED_DEVICE_FAMILY = "1,2";
			};
			name = Release;
		};
		1B2C369527E1E43B00559E38 /* Debug */ = {
			isa = XCBuildConfiguration;
			buildSettings = {
				ALWAYS_EMBED_SWIFT_STANDARD_LIBRARIES = YES;
				BUNDLE_LOADER = "$(TEST_HOST)";
				CODE_SIGN_STYLE = Automatic;
				CURRENT_PROJECT_VERSION = 1;
				DEVELOPMENT_TEAM = VKLQVTS4CR;
				GENERATE_INFOPLIST_FILE = YES;
				IPHONEOS_DEPLOYMENT_TARGET = 15.2;
				MARKETING_VERSION = 1.0;
				PRODUCT_BUNDLE_IDENTIFIER = wwq.CryptoTrackerTests;
				PRODUCT_NAME = "$(TARGET_NAME)";
				SWIFT_EMIT_LOC_STRINGS = NO;
				SWIFT_VERSION = 5.0;
				TARGETED_DEVICE_FAMILY = "1,2";
				TEST_HOST = "$(BUILT_PRODUCTS_DIR)/CryptoTracker.app/CryptoTracker";
			};
			name = Debug;
		};
		1B2C369627E1E43B00559E38 /* Release */ = {
			isa = XCBuildConfiguration;
			buildSettings = {
				ALWAYS_EMBED_SWIFT_STANDARD_LIBRARIES = YES;
				BUNDLE_LOADER = "$(TEST_HOST)";
				CODE_SIGN_STYLE = Automatic;
				CURRENT_PROJECT_VERSION = 1;
				DEVELOPMENT_TEAM = VKLQVTS4CR;
				GENERATE_INFOPLIST_FILE = YES;
				IPHONEOS_DEPLOYMENT_TARGET = 15.2;
				MARKETING_VERSION = 1.0;
				PRODUCT_BUNDLE_IDENTIFIER = wwq.CryptoTrackerTests;
				PRODUCT_NAME = "$(TARGET_NAME)";
				SWIFT_EMIT_LOC_STRINGS = NO;
				SWIFT_VERSION = 5.0;
				TARGETED_DEVICE_FAMILY = "1,2";
				TEST_HOST = "$(BUILT_PRODUCTS_DIR)/CryptoTracker.app/CryptoTracker";
			};
			name = Release;
		};
		1B2C369827E1E43B00559E38 /* Debug */ = {
			isa = XCBuildConfiguration;
			buildSettings = {
				ALWAYS_EMBED_SWIFT_STANDARD_LIBRARIES = YES;
				CODE_SIGN_STYLE = Automatic;
				CURRENT_PROJECT_VERSION = 1;
				DEVELOPMENT_TEAM = VKLQVTS4CR;
				GENERATE_INFOPLIST_FILE = YES;
				MARKETING_VERSION = 1.0;
				PRODUCT_BUNDLE_IDENTIFIER = wwq.CryptoTrackerUITests;
				PRODUCT_NAME = "$(TARGET_NAME)";
				SWIFT_EMIT_LOC_STRINGS = NO;
				SWIFT_VERSION = 5.0;
				TARGETED_DEVICE_FAMILY = "1,2";
				TEST_TARGET_NAME = CryptoTracker;
			};
			name = Debug;
		};
		1B2C369927E1E43B00559E38 /* Release */ = {
			isa = XCBuildConfiguration;
			buildSettings = {
				ALWAYS_EMBED_SWIFT_STANDARD_LIBRARIES = YES;
				CODE_SIGN_STYLE = Automatic;
				CURRENT_PROJECT_VERSION = 1;
				DEVELOPMENT_TEAM = VKLQVTS4CR;
				GENERATE_INFOPLIST_FILE = YES;
				MARKETING_VERSION = 1.0;
				PRODUCT_BUNDLE_IDENTIFIER = wwq.CryptoTrackerUITests;
				PRODUCT_NAME = "$(TARGET_NAME)";
				SWIFT_EMIT_LOC_STRINGS = NO;
				SWIFT_VERSION = 5.0;
				TARGETED_DEVICE_FAMILY = "1,2";
				TEST_TARGET_NAME = CryptoTracker;
			};
			name = Release;
		};
/* End XCBuildConfiguration section */

/* Begin XCConfigurationList section */
		1B2C366827E1E43900559E38 /* Build configuration list for PBXProject "CryptoTracker" */ = {
			isa = XCConfigurationList;
			buildConfigurations = (
				1B2C368F27E1E43B00559E38 /* Debug */,
				1B2C369027E1E43B00559E38 /* Release */,
			);
			defaultConfigurationIsVisible = 0;
			defaultConfigurationName = Release;
		};
		1B2C369127E1E43B00559E38 /* Build configuration list for PBXNativeTarget "CryptoTracker" */ = {
			isa = XCConfigurationList;
			buildConfigurations = (
				1B2C369227E1E43B00559E38 /* Debug */,
				1B2C369327E1E43B00559E38 /* Release */,
			);
			defaultConfigurationIsVisible = 0;
			defaultConfigurationName = Release;
		};
		1B2C369427E1E43B00559E38 /* Build configuration list for PBXNativeTarget "CryptoTrackerTests" */ = {
			isa = XCConfigurationList;
			buildConfigurations = (
				1B2C369527E1E43B00559E38 /* Debug */,
				1B2C369627E1E43B00559E38 /* Release */,
			);
			defaultConfigurationIsVisible = 0;
			defaultConfigurationName = Release;
		};
		1B2C369727E1E43B00559E38 /* Build configuration list for PBXNativeTarget "CryptoTrackerUITests" */ = {
			isa = XCConfigurationList;
			buildConfigurations = (
				1B2C369827E1E43B00559E38 /* Debug */,
				1B2C369927E1E43B00559E38 /* Release */,
			);
			defaultConfigurationIsVisible = 0;
			defaultConfigurationName = Release;
		};
/* End XCConfigurationList section */

/* Begin XCVersionGroup section */
		1B0CF7E027E71643009A7D52 /* PortfolioContainer.xcdatamodeld */ = {
			isa = XCVersionGroup;
			children = (
				1B0CF7E127E71643009A7D52 /* PortfolioContainer.xcdatamodel */,
			);
			currentVersion = 1B0CF7E127E71643009A7D52 /* PortfolioContainer.xcdatamodel */;
			path = PortfolioContainer.xcdatamodeld;
			sourceTree = "<group>";
			versionGroupType = wrapper.xcdatamodel;
		};
/* End XCVersionGroup section */
	};
	rootObject = 1B2C366527E1E43900559E38 /* Project object */;
}
